
Microsoft Visual Studio Solution File, Format Version 12.00
# Visual Studio Version 17
VisualStudioVersion = 17.0.31903.59
MinimumVisualStudioVersion = 10.0.40219.1
Project("{9A19103F-16F7-4668-BE54-9A1E7A4F7556}") = "CarRentalManagement.API", "CarRentalManagement.API\CarRentalManagement.API.csproj", "{2901BD2E-9A8E-4047-B6B5-BC7942731A01}"
EndProject
Project("{9A19103F-16F7-4668-BE54-9A1E7A4F7556}") = "CarRentalManagement.Repository", "CarRentalManagement.Repository\CarRentalManagement.Repository.csproj", "{E9014246-5151-49CD-A414-E2DDE80EC7D6}"
EndProject
Project("{FAE04EC0-301F-11D3-BF4B-00C04F79EFBC}") = "CarRentalManagementSystem.Test", "CarRentalManagementSystem.Test\CarRentalManagementSystem.Test.csproj", "{CE0B9B58-2606-44AC-93E6-A8438BB764C2}"
EndProject
Global
	GlobalSection(SolutionConfigurationPlatforms) = preSolution
		Debug|Any CPU = Debug|Any CPU
		Release|Any CPU = Release|Any CPU
	EndGlobalSection
	GlobalSection(ProjectConfigurationPlatforms) = postSolution
		{2901BD2E-9A8E-4047-B6B5-BC7942731A01}.Debug|Any CPU.ActiveCfg = Debug|Any CPU
		{2901BD2E-9A8E-4047-B6B5-BC7942731A01}.Debug|Any CPU.Build.0 = Debug|Any CPU
		{2901BD2E-9A8E-4047-B6B5-BC7942731A01}.Release|Any CPU.ActiveCfg = Release|Any CPU
		{2901BD2E-9A8E-4047-B6B5-BC7942731A01}.Release|Any CPU.Build.0 = Release|Any CPU
		{E9014246-5151-49CD-A414-E2DDE80EC7D6}.Debug|Any CPU.ActiveCfg = Debug|Any CPU
		{E9014246-5151-49CD-A414-E2DDE80EC7D6}.Debug|Any CPU.Build.0 = Debug|Any CPU
		{E9014246-5151-49CD-A414-E2DDE80EC7D6}.Release|Any CPU.ActiveCfg = Release|Any CPU
		{E9014246-5151-49CD-A414-E2DDE80EC7D6}.Release|Any CPU.Build.0 = Release|Any CPU
		{CE0B9B58-2606-44AC-93E6-A8438BB764C2}.Debug|Any CPU.ActiveCfg = Debug|Any CPU
		{CE0B9B58-2606-44AC-93E6-A8438BB764C2}.Debug|Any CPU.Build.0 = Debug|Any CPU
		{CE0B9B58-2606-44AC-93E6-A8438BB764C2}.Release|Any CPU.ActiveCfg = Release|Any CPU
		{CE0B9B58-2606-44AC-93E6-A8438BB764C2}.Release|Any CPU.Build.0 = Release|Any CPU
	EndGlobalSection
	GlobalSection(SolutionProperties) = preSolution
		HideSolutionNode = FALSE
	EndGlobalSection
	GlobalSection(ExtensibilityGlobals) = postSolution
		SolutionGuid = {5BEC02A9-948D-4F2B-B545-B4F520D656D0}
	EndGlobalSection
EndGlobal
